
Microsoft Visual Studio Solution File, Format Version 12.00
# Visual Studio Version 17
VisualStudioVersion = 17.8.34322.80
MinimumVisualStudioVersion = 10.0.40219.1
Project("{F184B08F-C81C-45F6-A57F-5ABD9991F28F}") = "VB Extensions", "VB Extensions.vbproj", "{B7662843-19CC-4373-AF9A-6F48DBA11F9F}"
EndProject
Global
	GlobalSection(SolutionConfigurationPlatforms) = preSolution
		Debug|Any CPU = Debug|Any CPU
		Release|Any CPU = Release|Any CPU
	EndGlobalSection
	GlobalSection(ProjectConfigurationPlatforms) = postSolution
		{B7662843-19CC-4373-AF9A-6F48DBA11F9F}.Debug|Any CPU.ActiveCfg = Debug|Any CPU
		{B7662843-19CC-4373-AF9A-6F48DBA11F9F}.Debug|Any CPU.Build.0 = Debug|Any CPU
		{B7662843-19CC-4373-AF9A-6F48DBA11F9F}.Release|Any CPU.ActiveCfg = Release|Any CPU
		{B7662843-19CC-4373-AF9A-6F48DBA11F9F}.Release|Any CPU.Build.0 = Release|Any CPU
	EndGlobalSection
	GlobalSection(SolutionProperties) = preSolution
		HideSolutionNode = FALSE
	EndGlobalSection
	GlobalSection(ExtensibilityGlobals) = postSolution
		SolutionGuid = {4007DC3F-8CA2-4429-96D3-E5A08A3E1C0E}
	EndGlobalSection
EndGlobal
